{
  "name": "automationqa",
  "version": "1.0.0",
  "lockfileVersion": 1,
  "requires": true,
  "dependencies": {
    "xpath-to-css": {
      "version": "1.0.5",
      "resolved": "https://registry.npmjs.org/xpath-to-css/-/xpath-to-css-1.0.5.tgz",
      "integrity": "sha512-rhDVSJeoyFz6RVyy/4EVE45GIqgdDGhfb/5BLP1Ns55J1RXg3VhgVRZfrm3VXDO943uQ/7GSmRYEmJhuZ11ozg=="
    }
  }
}
